
Microsoft Visual Studio Solution File, Format Version 12.00
Project("{FAE04EC0-301F-11D3-BF4B-00C04F79EFBC}") = "MangaReader.MangaReader", "MangaReader.MangaReader\MangaReader.MangaReader.csproj", "{67E59B44-922A-4BCF-BE15-070D8F41504D}"
EndProject
Project("{FAE04EC0-301F-11D3-BF4B-00C04F79EFBC}") = "MangaReader.Views", "MangaReader.Views\MangaReader.Views.csproj", "{5D3419EE-9246-42E5-82AE-89359935624A}"
EndProject
Project("{FAE04EC0-301F-11D3-BF4B-00C04F79EFBC}") = "MangaReader.ViewModels", "MangaReader.ViewModels\MangaReader.ViewModels.csproj", "{D67FD059-AA33-42C5-B9B2-5CF288135897}"
EndProject
Project("{FAE04EC0-301F-11D3-BF4B-00C04F79EFBC}") = "MangaReader.Models", "MangaReader.Models\MangaReader.Models.csproj", "{D02203BD-2E53-4A9C-96CF-339C7844E615}"
EndProject
Global
	GlobalSection(SolutionConfigurationPlatforms) = preSolution
		Debug|Any CPU = Debug|Any CPU
		Release|Any CPU = Release|Any CPU
	EndGlobalSection
	GlobalSection(ProjectConfigurationPlatforms) = postSolution
		{67E59B44-922A-4BCF-BE15-070D8F41504D}.Debug|Any CPU.ActiveCfg = Debug|Any CPU
		{67E59B44-922A-4BCF-BE15-070D8F41504D}.Debug|Any CPU.Build.0 = Debug|Any CPU
		{67E59B44-922A-4BCF-BE15-070D8F41504D}.Release|Any CPU.ActiveCfg = Release|Any CPU
		{67E59B44-922A-4BCF-BE15-070D8F41504D}.Release|Any CPU.Build.0 = Release|Any CPU
		{5D3419EE-9246-42E5-82AE-89359935624A}.Debug|Any CPU.ActiveCfg = Debug|Any CPU
		{5D3419EE-9246-42E5-82AE-89359935624A}.Debug|Any CPU.Build.0 = Debug|Any CPU
		{5D3419EE-9246-42E5-82AE-89359935624A}.Release|Any CPU.ActiveCfg = Release|Any CPU
		{5D3419EE-9246-42E5-82AE-89359935624A}.Release|Any CPU.Build.0 = Release|Any CPU
		{D67FD059-AA33-42C5-B9B2-5CF288135897}.Debug|Any CPU.ActiveCfg = Debug|Any CPU
		{D67FD059-AA33-42C5-B9B2-5CF288135897}.Debug|Any CPU.Build.0 = Debug|Any CPU
		{D67FD059-AA33-42C5-B9B2-5CF288135897}.Release|Any CPU.ActiveCfg = Release|Any CPU
		{D67FD059-AA33-42C5-B9B2-5CF288135897}.Release|Any CPU.Build.0 = Release|Any CPU
		{D02203BD-2E53-4A9C-96CF-339C7844E615}.Debug|Any CPU.ActiveCfg = Debug|Any CPU
		{D02203BD-2E53-4A9C-96CF-339C7844E615}.Debug|Any CPU.Build.0 = Debug|Any CPU
		{D02203BD-2E53-4A9C-96CF-339C7844E615}.Release|Any CPU.ActiveCfg = Release|Any CPU
		{D02203BD-2E53-4A9C-96CF-339C7844E615}.Release|Any CPU.Build.0 = Release|Any CPU
	EndGlobalSection
EndGlobal
